
Microsoft Visual Studio Solution File, Format Version 12.00
# Visual Studio 15
VisualStudioVersion = 15.0.26730.12
MinimumVisualStudioVersion = 10.0.40219.1
Project("{FAE04EC0-301F-11D3-BF4B-00C04F79EFBC}") = "Api", "src\Api\Api.csproj", "{36484BFF-E628-49BD-BF49-01BAD88D69E3}"
EndProject
Project("{FAE04EC0-301F-11D3-BF4B-00C04F79EFBC}") = "Logic", "src\Logic\Logic.csproj", "{0B9EC24F-E84F-4375-A7B0-0F8C3A4B015A}"
EndProject
Global
	GlobalSection(SolutionConfigurationPlatforms) = preSolution
		Debug|Any CPU = Debug|Any CPU
		Release|Any CPU = Release|Any CPU
	EndGlobalSection
	GlobalSection(ProjectConfigurationPlatforms) = postSolution
		{36484BFF-E628-49BD-BF49-01BAD88D69E3}.Debug|Any CPU.ActiveCfg = Debug|Any CPU
		{36484BFF-E628-49BD-BF49-01BAD88D69E3}.Debug|Any CPU.Build.0 = Debug|Any CPU
		{36484BFF-E628-49BD-BF49-01BAD88D69E3}.Release|Any CPU.ActiveCfg = Release|Any CPU
		{36484BFF-E628-49BD-BF49-01BAD88D69E3}.Release|Any CPU.Build.0 = Release|Any CPU
		{0B9EC24F-E84F-4375-A7B0-0F8C3A4B015A}.Debug|Any CPU.ActiveCfg = Debug|Any CPU
		{0B9EC24F-E84F-4375-A7B0-0F8C3A4B015A}.Debug|Any CPU.Build.0 = Debug|Any CPU
		{0B9EC24F-E84F-4375-A7B0-0F8C3A4B015A}.Release|Any CPU.ActiveCfg = Release|Any CPU
		{0B9EC24F-E84F-4375-A7B0-0F8C3A4B015A}.Release|Any CPU.Build.0 = Release|Any CPU
	EndGlobalSection
	GlobalSection(SolutionProperties) = preSolution
		HideSolutionNode = FALSE
	EndGlobalSection
	GlobalSection(ExtensibilityGlobals) = postSolution
		SolutionGuid = {2AF79079-DA8B-4E50-8B02-9F1EC4FE3476}
	EndGlobalSection
EndGlobal
