
Microsoft Visual Studio Solution File, Format Version 12.00
# Visual Studio Version 17
VisualStudioVersion = 17.2.32630.192
MinimumVisualStudioVersion = 10.0.40219.1
Project("{FAE04EC0-301F-11D3-BF4B-00C04F79EFBC}") = "Api", "src\Api\Api.csproj", "{754A06FA-EDF1-4A87-BFE9-A09147D0B3ED}"
EndProject
Project("{FAE04EC0-301F-11D3-BF4B-00C04F79EFBC}") = "Logic", "src\Logic\Logic.csproj", "{F800A63E-87DC-43E8-ACDE-5E2AFDECDED7}"
EndProject
Global
	GlobalSection(SolutionConfigurationPlatforms) = preSolution
		Debug|Any CPU = Debug|Any CPU
		Release|Any CPU = Release|Any CPU
	EndGlobalSection
	GlobalSection(ProjectConfigurationPlatforms) = postSolution
		{754A06FA-EDF1-4A87-BFE9-A09147D0B3ED}.Debug|Any CPU.ActiveCfg = Debug|Any CPU
		{754A06FA-EDF1-4A87-BFE9-A09147D0B3ED}.Debug|Any CPU.Build.0 = Debug|Any CPU
		{754A06FA-EDF1-4A87-BFE9-A09147D0B3ED}.Release|Any CPU.ActiveCfg = Release|Any CPU
		{754A06FA-EDF1-4A87-BFE9-A09147D0B3ED}.Release|Any CPU.Build.0 = Release|Any CPU
		{F800A63E-87DC-43E8-ACDE-5E2AFDECDED7}.Debug|Any CPU.ActiveCfg = Debug|Any CPU
		{F800A63E-87DC-43E8-ACDE-5E2AFDECDED7}.Debug|Any CPU.Build.0 = Debug|Any CPU
		{F800A63E-87DC-43E8-ACDE-5E2AFDECDED7}.Release|Any CPU.ActiveCfg = Release|Any CPU
		{F800A63E-87DC-43E8-ACDE-5E2AFDECDED7}.Release|Any CPU.Build.0 = Release|Any CPU
	EndGlobalSection
	GlobalSection(SolutionProperties) = preSolution
		HideSolutionNode = FALSE
	EndGlobalSection
	GlobalSection(ExtensibilityGlobals) = postSolution
		SolutionGuid = {D3A5C543-1AE4-4F44-AC58-519D2580D999}
	EndGlobalSection
EndGlobal
